// !$*UTF8*$!
{
	archiveVersion = 1;
	classes = {
	};
	objectVersion = 50;
	objects = {

/* Begin PBXBuildFile section */
		1764DCBB219B9083005CAB38 /* Item.swift in Sources */ = {isa = PBXBuildFile; fileRef = 1764DCBA219B9083005CAB38 /* Item.swift */; };
		1764DCBD219B9160005CAB38 /* ItemStore.swift in Sources */ = {isa = PBXBuildFile; fileRef = 1764DCBC219B9160005CAB38 /* ItemStore.swift */; };
		17B92B982194FAB9006DA042 /* AppDelegate.swift in Sources */ = {isa = PBXBuildFile; fileRef = 17B92B972194FAB9006DA042 /* AppDelegate.swift */; };
		17B92B9D2194FAB9006DA042 /* Main.storyboard in Resources */ = {isa = PBXBuildFile; fileRef = 17B92B9B2194FAB9006DA042 /* Main.storyboard */; };
		17B92B9F2194FABA006DA042 /* Assets.xcassets in Resources */ = {isa = PBXBuildFile; fileRef = 17B92B9E2194FABA006DA042 /* Assets.xcassets */; };
		17B92BA22194FABA006DA042 /* LaunchScreen.storyboard in Resources */ = {isa = PBXBuildFile; fileRef = 17B92BA02194FABA006DA042 /* LaunchScreen.storyboard */; };
		17B92BAA2194FBE6006DA042 /* MainTableViewController.swift in Sources */ = {isa = PBXBuildFile; fileRef = 17B92BA92194FBE6006DA042 /* MainTableViewController.swift */; };
		17B92BAC219500DE006DA042 /* DetailViewController.swift in Sources */ = {isa = PBXBuildFile; fileRef = 17B92BAB219500DE006DA042 /* DetailViewController.swift */; };
/* End PBXBuildFile section */

/* Begin PBXFileReference section */
		1764DCBA219B9083005CAB38 /* Item.swift */ = {isa = PBXFileReference; lastKnownFileType = sourcecode.swift; path = Item.swift; sourceTree = "<group>"; };
		1764DCBC219B9160005CAB38 /* ItemStore.swift */ = {isa = PBXFileReference; lastKnownFileType = sourcecode.swift; path = ItemStore.swift; sourceTree = "<group>"; };
		17B92B942194FAB9006DA042 /* DynamicTable.app */ = {isa = PBXFileReference; explicitFileType = wrapper.application; includeInIndex = 0; path = DynamicTable.app; sourceTree = BUILT_PRODUCTS_DIR; };
		17B92B972194FAB9006DA042 /* AppDelegate.swift */ = {isa = PBXFileReference; lastKnownFileType = sourcecode.swift; path = AppDelegate.swift; sourceTree = "<group>"; };
		17B92B9C2194FAB9006DA042 /* Base */ = {isa = PBXFileReference; lastKnownFileType = file.storyboard; name = Base; path = Base.lproj/Main.storyboard; sourceTree = "<group>"; };
		17B92B9E2194FABA006DA042 /* Assets.xcassets */ = {isa = PBXFileReference; lastKnownFileType = folder.assetcatalog; path = Assets.xcassets; sourceTree = "<group>"; };
		17B92BA12194FABA006DA042 /* Base */ = {isa = PBXFileReference; lastKnownFileType = file.storyboard; name = Base; path = Base.lproj/LaunchScreen.storyboard; sourceTree = "<group>"; };
		17B92BA32194FABA006DA042 /* Info.plist */ = {isa = PBXFileReference; lastKnownFileType = text.plist.xml; path = Info.plist; sourceTree = "<group>"; };
		17B92BA92194FBE6006DA042 /* MainTableViewController.swift */ = {isa = PBXFileReference; lastKnownFileType = sourcecode.swift; path = MainTableViewController.swift; sourceTree = "<group>"; };
		17B92BAB219500DE006DA042 /* DetailViewController.swift */ = {isa = PBXFileReference; lastKnownFileType = sourcecode.swift; path = DetailViewController.swift; sourceTree = "<group>"; };
/* End PBXFileReference section */

/* Begin PBXFrameworksBuildPhase section */
		17B92B912194FAB9006DA042 /* Frameworks */ = {
			isa = PBXFrameworksBuildPhase;
			buildActionMask = 2147483647;
			files = (
			);
			runOnlyForDeploymentPostprocessing = 0;
		};
/* End PBXFrameworksBuildPhase section */

/* Begin PBXGroup section */
		17B92B8B2194FAB9006DA042 = {
			isa = PBXGroup;
			children = (
				17B92B962194FAB9006DA042 /* DynamicTable */,
				17B92B952194FAB9006DA042 /* Products */,
			);
			sourceTree = "<group>";
		};
		17B92B952194FAB9006DA042 /* Products */ = {
			isa = PBXGroup;
			children = (
				17B92B942194FAB9006DA042 /* DynamicTable.app */,
			);
			name = Products;
			sourceTree = "<group>";
		};
		17B92B962194FAB9006DA042 /* DynamicTable */ = {
			isa = PBXGroup;
			children = (
				17B92BA92194FBE6006DA042 /* MainTableViewController.swift */,
				17B92BAB219500DE006DA042 /* DetailViewController.swift */,
				1764DCBC219B9160005CAB38 /* ItemStore.swift */,
				1764DCBA219B9083005CAB38 /* Item.swift */,
				17B92B972194FAB9006DA042 /* AppDelegate.swift */,
				17B92B9B2194FAB9006DA042 /* Main.storyboard */,
				17B92B9E2194FABA006DA042 /* Assets.xcassets */,
				17B92BA02194FABA006DA042 /* LaunchScreen.storyboard */,
				17B92BA32194FABA006DA042 /* Info.plist */,
			);
			path = DynamicTable;
			sourceTree = "<group>";
		};
/* End PBXGroup section */

/* Begin PBXNativeTarget section */
		17B92B932194FAB9006DA042 /* DynamicTable */ = {
			isa = PBXNativeTarget;
			buildConfigurationList = 17B92BA62194FABA006DA042 /* Build configuration list for PBXNativeTarget "DynamicTable" */;
			buildPhases = (
				17B92B902194FAB9006DA042 /* Sources */,
				17B92B912194FAB9006DA042 /* Frameworks */,
				17B92B922194FAB9006DA042 /* Resources */,
			);
			buildRules = (
			);
			dependencies = (
			);
			name = DynamicTable;
			productName = DynamicTable;
			productReference = 17B92B942194FAB9006DA042 /* DynamicTable.app */;
			productType = "com.apple.product-type.application";
		};
/* End PBXNativeTarget section */

/* Begin PBXProject section */
		17B92B8C2194FAB9006DA042 /* Project object */ = {
			isa = PBXProject;
			attributes = {
				LastSwiftUpdateCheck = 0940;
				LastUpgradeCheck = 0940;
				ORGANIZATIONNAME = "Dale Haverstock";
				TargetAttributes = {
					17B92B932194FAB9006DA042 = {
						CreatedOnToolsVersion = 9.4.1;
					};
				};
			};
			buildConfigurationList = 17B92B8F2194FAB9006DA042 /* Build configuration list for PBXProject "DynamicTable" */;
			compatibilityVersion = "Xcode 9.3";
			developmentRegion = en;
			hasScannedForEncodings = 0;
			knownRegions = (
				en,
				Base,
			);
			mainGroup = 17B92B8B2194FAB9006DA042;
			productRefGroup = 17B92B952194FAB9006DA042 /* Products */;
			projectDirPath = "";
			projectRoot = "";
			targets = (
				17B92B932194FAB9006DA042 /* DynamicTable */,
			);
		};
/* End PBXProject section */

/* Begin PBXResourcesBuildPhase section */
		17B92B922194FAB9006DA042 /* Resources */ = {
			isa = PBXResourcesBuildPhase;
			buildActionMask = 2147483647;
			files = (
				17B92BA22194FABA006DA042 /* LaunchScreen.storyboard in Resources */,
				17B92B9F2194FABA006DA042 /* Assets.xcassets in Resources */,
				17B92B9D2194FAB9006DA042 /* Main.storyboard in Resources */,
			);
			runOnlyForDeploymentPostprocessing = 0;
		};
/* End PBXResourcesBuildPhase section */

/* Begin PBXSourcesBuildPhase section */
		17B92B902194FAB9006DA042 /* Sources */ = {
			isa = PBXSourcesBuildPhase;
			buildActionMask = 2147483647;
			files = (
				17B92BAC219500DE006DA042 /* DetailViewController.swift in Sources */,
				1764DCBB219B9083005CAB38 /* Item.swift in Sources */,
				17B92BAA2194FBE6006DA042 /* MainTableViewController.swift in Sources */,
				1764DCBD219B9160005CAB38 /* ItemStore.swift in Sources */,
				17B92B982194FAB9006DA042 /* AppDelegate.swift in Sources */,
			);
			runOnlyForDeploymentPostprocessing = 0;
		};
/* End PBXSourcesBuildPhase section */

/* Begin PBXVariantGroup section */
		17B92B9B2194FAB9006DA042 /* Main.storyboard */ = {
			isa = PBXVariantGroup;
			children = (
				17B92B9C2194FAB9006DA042 /* Base */,
			);
			name = Main.storyboard;
			sourceTree = "<group>";
		};
		17B92BA02194FABA006DA042 /* LaunchScreen.storyboard */ = {
			isa = PBXVariantGroup;
			children = (
				17B92BA12194FABA006DA042 /* Base */,
			);
			name = LaunchScreen.storyboard;
			sourceTree = "<group>";
		};
/* End PBXVariantGroup section */

/* Begin XCBuildConfiguration section */
		17B92BA42194FABA006DA042 /* Debug */ = {
			isa = XCBuildConfiguration;
			buildSettings = {
				ALWAYS_SEARCH_USER_PATHS = NO;
				CLANG_ANALYZER_NONNULL = YES;
				CLANG_ANALYZER_NUMBER_OBJECT_CONVERSION = YES_AGGRESSIVE;
				CLANG_CXX_LANGUAGE_STANDARD = "gnu++14";
				CLANG_CXX_LIBRARY = "libc++";
				CLANG_ENABLE_MODULES = YES;
				CLANG_ENABLE_OBJC_ARC = YES;
				CLANG_ENABLE_OBJC_WEAK = YES;
				CLANG_WARN_BLOCK_CAPTURE_AUTORELEASING = YES;
				CLANG_WARN_BOOL_CONVERSION = YES;
				CLANG_WARN_COMMA = YES;
				CLANG_WARN_CONSTANT_CONVERSION = YES;
				CLANG_WARN_DEPRECATED_OBJC_IMPLEMENTATIONS = YES;
				CLANG_WARN_DIRECT_OBJC_ISA_USAGE = YES_ERROR;
				CLANG_WARN_DOCUMENTATION_COMMENTS = YES;
				CLANG_WARN_EMPTY_BODY = YES;
				CLANG_WARN_ENUM_CONVERSION = YES;
				CLANG_WARN_INFINITE_RECURSION = YES;
				CLANG_WARN_INT_CONVERSION = YES;
				CLANG_WARN_NON_LITERAL_NULL_CONVERSION = YES;
				CLANG_WARN_OBJC_IMPLICIT_RETAIN_SELF = YES;
				CLANG_WARN_OBJC_LITERAL_CONVERSION = YES;
				CLANG_WARN_OBJC_ROOT_CLASS = YES_ERROR;
				CLANG_WARN_RANGE_LOOP_ANALYSIS = YES;
				CLANG_WARN_STRICT_PROTOTYPES = YES;
				CLANG_WARN_SUSPICIOUS_MOVE = YES;
				CLANG_WARN_UNGUARDED_AVAILABILITY = YES_AGGRESSIVE;
				CLANG_WARN_UNREACHABLE_CODE = YES;
				CLANG_WARN__DUPLICATE_METHOD_MATCH = YES;
				CODE_SIGN_IDENTITY = "iPhone Developer";
				COPY_PHASE_STRIP = NO;
				DEBUG_INFORMATION_FORMAT = dwarf;
				ENABLE_STRICT_OBJC_MSGSEND = YES;
				ENABLE_TESTABILITY = YES;
				GCC_C_LANGUAGE_STANDARD = gnu11;
				GCC_DYNAMIC_NO_PIC = NO;
				GCC_NO_COMMON_BLOCKS = YES;
				GCC_OPTIMIZATION_LEVEL = 0;
				GCC_PREPROCESSOR_DEFINITIONS = (
					"DEBUG=1",
					"$(inherited)",
				);
				GCC_WARN_64_TO_32_BIT_CONVERSION = YES;
				GCC_WARN_ABOUT_RETURN_TYPE = YES_ERROR;
				GCC_WARN_UNDECLARED_SELECTOR = YES;
				GCC_WARN_UNINITIALIZED_AUTOS = YES_AGGRESSIVE;
				GCC_WARN_UNUSED_FUNCTION = YES;
				GCC_WARN_UNUSED_VARIABLE = YES;
				IPHONEOS_DEPLOYMENT_TARGET = 11.4;
				MTL_ENABLE_DEBUG_INFO = YES;
				ONLY_ACTIVE_ARCH = YES;
				SDKROOT = iphoneos;
				SWIFT_ACTIVE_COMPILATION_CONDITIONS = DEBUG;
				SWIFT_OPTIMIZATION_LEVEL = "-Onone";
			};
			name = Debug;
		};
		17B92BA52194FABA006DA042 /* Release */ = {
			isa = XCBuildConfiguration;
			buildSettings = {
				ALWAYS_SEARCH_USER_PATHS = NO;
				CLANG_ANALYZER_NONNULL = YES;
				CLANG_ANALYZER_NUMBER_OBJECT_CONVERSION = YES_AGGRESSIVE;
				CLANG_CXX_LANGUAGE_STANDARD = "gnu++14";
				CLANG_CXX_LIBRARY = "libc++";
				CLANG_ENABLE_MODULES = YES;
				CLANG_ENABLE_OBJC_ARC = YES;
				CLANG_ENABLE_OBJC_WEAK = YES;
				CLANG_WARN_BLOCK_CAPTURE_AUTORELEASING = YES;
				CLANG_WARN_BOOL_CONVERSION = YES;
				CLANG_WARN_COMMA = YES;
				CLANG_WARN_CONSTANT_CONVERSION = YES;
				CLANG_WARN_DEPRECATED_OBJC_IMPLEMENTATIONS = YES;
				CLANG_WARN_DIRECT_OBJC_ISA_USAGE = YES_ERROR;
				CLANG_WARN_DOCUMENTATION_COMMENTS = YES;
				CLANG_WARN_EMPTY_BODY = YES;
				CLANG_WARN_ENUM_CONVERSION = YES;
				CLANG_WARN_INFINITE_RECURSION = YES;
				CLANG_WARN_INT_CONVERSION = YES;
				CLANG_WARN_NON_LITERAL_NULL_CONVERSION = YES;
				CLANG_WARN_OBJC_IMPLICIT_RETAIN_SELF = YES;
				CLANG_WARN_OBJC_LITERAL_CONVERSION = YES;
				CLANG_WARN_OBJC_ROOT_CLASS = YES_ERROR;
				CLANG_WARN_RANGE_LOOP_ANALYSIS = YES;
				CLANG_WARN_STRICT_PROTOTYPES = YES;
				CLANG_WARN_SUSPICIOUS_MOVE = YES;
				CLANG_WARN_UNGUARDED_AVAILABILITY = YES_AGGRESSIVE;
				CLANG_WARN_UNREACHABLE_CODE = YES;
				CLANG_WARN__DUPLICATE_METHOD_MATCH = YES;
				CODE_SIGN_IDENTITY = "iPhone Developer";
				COPY_PHASE_STRIP = NO;
				DEBUG_INFORMATION_FORMAT = "dwarf-with-dsym";
				ENABLE_NS_ASSERTIONS = NO;
				ENABLE_STRICT_OBJC_MSGSEND = YES;
				GCC_C_LANGUAGE_STANDARD = gnu11;
				GCC_NO_COMMON_BLOCKS = YES;
				GCC_WARN_64_TO_32_BIT_CONVERSION = YES;
				GCC_WARN_ABOUT_RETURN_TYPE = YES_ERROR;
				GCC_WARN_UNDECLARED_SELECTOR = YES;
				GCC_WARN_UNINITIALIZED_AUTOS = YES_AGGRESSIVE;
				GCC_WARN_UNUSED_FUNCTION = YES;
				GCC_WARN_UNUSED_VARIABLE = YES;
				IPHONEOS_DEPLOYMENT_TARGET = 11.4;
				MTL_ENABLE_DEBUG_INFO = NO;
				SDKROOT = iphoneos;
				SWIFT_COMPILATION_MODE = wholemodule;
				SWIFT_OPTIMIZATION_LEVEL = "-O";
				VALIDATE_PRODUCT = YES;
			};
			name = Release;
		};
		17B92BA72194FABA006DA042 /* Debug */ = {
			isa = XCBuildConfiguration;
			buildSettings = {
				ASSETCATALOG_COMPILER_APPICON_NAME = AppIcon;
				CODE_SIGN_STYLE = Automatic;
				DEVELOPMENT_TEAM = N9R5SC4V6R;
				INFOPLIST_FILE = DynamicTable/Info.plist;
				LD_RUNPATH_SEARCH_PATHS = (
					"$(inherited)",
					"@executable_path/Frameworks",
				);
				PRODUCT_BUNDLE_IDENTIFIER = edu.cuny.bmcc.DynamicTable;
				PRODUCT_NAME = "$(TARGET_NAME)";
				SWIFT_VERSION = 4.0;
				TARGETED_DEVICE_FAMILY = "1,2";
			};
			name = Debug;
		};
		17B92BA82194FABA006DA042 /* Release */ = {
			isa = XCBuildConfiguration;
			buildSettings = {
				ASSETCATALOG_COMPILER_APPICON_NAME = AppIcon;
				CODE_SIGN_STYLE = Automatic;
				DEVELOPMENT_TEAM = N9R5SC4V6R;
				INFOPLIST_FILE = DynamicTable/Info.plist;
				LD_RUNPATH_SEARCH_PATHS = (
					"$(inherited)",
					"@executable_path/Frameworks",
				);
				PRODUCT_BUNDLE_IDENTIFIER = edu.cuny.bmcc.DynamicTable;
				PRODUCT_NAME = "$(TARGET_NAME)";
				SWIFT_VERSION = 4.0;
				TARGETED_DEVICE_FAMILY = "1,2";
			};
			name = Release;
		};
/* End XCBuildConfiguration section */

/* Begin XCConfigurationList section */
		17B92B8F2194FAB9006DA042 /* Build configuration list for PBXProject "DynamicTable" */ = {
			isa = XCConfigurationList;
			buildConfigurations = (
				17B92BA42194FABA006DA042 /* Debug */,
				17B92BA52194FABA006DA042 /* Release */,
			);
			defaultConfigurationIsVisible = 0;
			defaultConfigurationName = Release;
		};
		17B92BA62194FABA006DA042 /* Build configuration list for PBXNativeTarget "DynamicTable" */ = {
			isa = XCConfigurationList;
			buildConfigurations = (
				17B92BA72194FABA006DA042 /* Debug */,
				17B92BA82194FABA006DA042 /* Release */,
			);
			defaultConfigurationIsVisible = 0;
			defaultConfigurationName = Release;
		};
/* End XCConfigurationList section */
	};
	rootObject = 17B92B8C2194FAB9006DA042 /* Project object */;
}
